// !$*UTF8*$!
{
	archiveVersion = 1;
	classes = {
	};
	objectVersion = 51;
	objects = {

/* Begin PBXBuildFile section */
		1472F4896A87EECDDC22A424 /* Pods_movieApiTest.framework in Frameworks */ = {isa = PBXBuildFile; fileRef = 66F8510C068B5DE49B296157 /* Pods_movieApiTest.framework */; };
		2B127C3C247C28EA00D9639E /* View.xib in Resources */ = {isa = PBXBuildFile; fileRef = 2B127C36247C28E900D9639E /* View.xib */; };
		2B127C3D247C28EA00D9639E /* CollectionViewController.swift in Sources */ = {isa = PBXBuildFile; fileRef = 2B127C37247C28E900D9639E /* CollectionViewController.swift */; };
		2B127C3E247C28EA00D9639E /* movieCell.swift in Sources */ = {isa = PBXBuildFile; fileRef = 2B127C38247C28E900D9639E /* movieCell.swift */; };
		2B127C3F247C28EA00D9639E /* SelfConfiguringCell.swift in Sources */ = {isa = PBXBuildFile; fileRef = 2B127C39247C28E900D9639E /* SelfConfiguringCell.swift */; };
		2B127C40247C28EA00D9639E /* detailView.swift in Sources */ = {isa = PBXBuildFile; fileRef = 2B127C3A247C28EA00D9639E /* detailView.swift */; };
		2B127C41247C28EA00D9639E /* movies.swift in Sources */ = {isa = PBXBuildFile; fileRef = 2B127C3B247C28EA00D9639E /* movies.swift */; };
		2B51DCD7247C281F0010AC4B /* AppDelegate.swift in Sources */ = {isa = PBXBuildFile; fileRef = 2B51DCD6247C281F0010AC4B /* AppDelegate.swift */; };
		2B51DCD9247C281F0010AC4B /* SceneDelegate.swift in Sources */ = {isa = PBXBuildFile; fileRef = 2B51DCD8247C281F0010AC4B /* SceneDelegate.swift */; };
		2B51DCE0247C282B0010AC4B /* Assets.xcassets in Resources */ = {isa = PBXBuildFile; fileRef = 2B51DCDF247C282B0010AC4B /* Assets.xcassets */; };
		2B51DCE3247C282B0010AC4B /* LaunchScreen.storyboard in Resources */ = {isa = PBXBuildFile; fileRef = 2B51DCE1247C282B0010AC4B /* LaunchScreen.storyboard */; };
		2B51DCEE247C282B0010AC4B /* movieApiTestTests.swift in Sources */ = {isa = PBXBuildFile; fileRef = 2B51DCED247C282B0010AC4B /* movieApiTestTests.swift */; };
		2B51DCF9247C282B0010AC4B /* movieApiTestUITests.swift in Sources */ = {isa = PBXBuildFile; fileRef = 2B51DCF8247C282B0010AC4B /* movieApiTestUITests.swift */; };
		612B852216776E1C9142DD88 /* Pods_movieApiTest_movieApiTestUITests.framework in Frameworks */ = {isa = PBXBuildFile; fileRef = D91EB6870AB7D3A123DF5307 /* Pods_movieApiTest_movieApiTestUITests.framework */; };
		6956CB81A1CEFCEEE7BAA36E /* Pods_movieApiTestTests.framework in Frameworks */ = {isa = PBXBuildFile; fileRef = B3FB6E508C37CDE47EA5DFEF /* Pods_movieApiTestTests.framework */; };
/* End PBXBuildFile section */

/* Begin PBXContainerItemProxy section */
		2B51DCEA247C282B0010AC4B /* PBXContainerItemProxy */ = {
			isa = PBXContainerItemProxy;
			containerPortal = 2B51DCCB247C281F0010AC4B /* Project object */;
			proxyType = 1;
			remoteGlobalIDString = 2B51DCD2247C281F0010AC4B;
			remoteInfo = movieApiTest;
		};
		2B51DCF5247C282B0010AC4B /* PBXContainerItemProxy */ = {
			isa = PBXContainerItemProxy;
			containerPortal = 2B51DCCB247C281F0010AC4B /* Project object */;
			proxyType = 1;
			remoteGlobalIDString = 2B51DCD2247C281F0010AC4B;
			remoteInfo = movieApiTest;
		};
/* End PBXContainerItemProxy section */

/* Begin PBXFileReference section */
		0A8731FDA85FC0B5BE6D01B9 /* Pods-movieApiTestTests.debug.xcconfig */ = {isa = PBXFileReference; includeInIndex = 1; lastKnownFileType = text.xcconfig; name = "Pods-movieApiTestTests.debug.xcconfig"; path = "Target Support Files/Pods-movieApiTestTests/Pods-movieApiTestTests.debug.xcconfig"; sourceTree = "<group>"; };
		114905708C926117B034756A /* Pods-movieApiTest.release.xcconfig */ = {isa = PBXFileReference; includeInIndex = 1; lastKnownFileType = text.xcconfig; name = "Pods-movieApiTest.release.xcconfig"; path = "Target Support Files/Pods-movieApiTest/Pods-movieApiTest.release.xcconfig"; sourceTree = "<group>"; };
		2B127C36247C28E900D9639E /* View.xib */ = {isa = PBXFileReference; fileEncoding = 4; lastKnownFileType = file.xib; path = View.xib; sourceTree = "<group>"; };
		2B127C37247C28E900D9639E /* CollectionViewController.swift */ = {isa = PBXFileReference; fileEncoding = 4; lastKnownFileType = sourcecode.swift; path = CollectionViewController.swift; sourceTree = "<group>"; };
		2B127C38247C28E900D9639E /* movieCell.swift */ = {isa = PBXFileReference; fileEncoding = 4; lastKnownFileType = sourcecode.swift; path = movieCell.swift; sourceTree = "<group>"; };
		2B127C39247C28E900D9639E /* SelfConfiguringCell.swift */ = {isa = PBXFileReference; fileEncoding = 4; lastKnownFileType = sourcecode.swift; path = SelfConfiguringCell.swift; sourceTree = "<group>"; };
		2B127C3A247C28EA00D9639E /* detailView.swift */ = {isa = PBXFileReference; fileEncoding = 4; lastKnownFileType = sourcecode.swift; path = detailView.swift; sourceTree = "<group>"; };
		2B127C3B247C28EA00D9639E /* movies.swift */ = {isa = PBXFileReference; fileEncoding = 4; lastKnownFileType = sourcecode.swift; path = movies.swift; sourceTree = "<group>"; };
		2B51DCD3247C281F0010AC4B /* movieApiTest.app */ = {isa = PBXFileReference; explicitFileType = wrapper.application; includeInIndex = 0; path = movieApiTest.app; sourceTree = BUILT_PRODUCTS_DIR; };
		2B51DCD6247C281F0010AC4B /* AppDelegate.swift */ = {isa = PBXFileReference; lastKnownFileType = sourcecode.swift; path = AppDelegate.swift; sourceTree = "<group>"; };
		2B51DCD8247C281F0010AC4B /* SceneDelegate.swift */ = {isa = PBXFileReference; lastKnownFileType = sourcecode.swift; path = SceneDelegate.swift; sourceTree = "<group>"; };
		2B51DCDF247C282B0010AC4B /* Assets.xcassets */ = {isa = PBXFileReference; lastKnownFileType = folder.assetcatalog; path = Assets.xcassets; sourceTree = "<group>"; };
		2B51DCE2247C282B0010AC4B /* Base */ = {isa = PBXFileReference; lastKnownFileType = file.storyboard; name = Base; path = Base.lproj/LaunchScreen.storyboard; sourceTree = "<group>"; };
		2B51DCE4247C282B0010AC4B /* Info.plist */ = {isa = PBXFileReference; lastKnownFileType = text.plist.xml; path = Info.plist; sourceTree = "<group>"; };
		2B51DCE9247C282B0010AC4B /* movieApiTestTests.xctest */ = {isa = PBXFileReference; explicitFileType = wrapper.cfbundle; includeInIndex = 0; path = movieApiTestTests.xctest; sourceTree = BUILT_PRODUCTS_DIR; };
		2B51DCED247C282B0010AC4B /* movieApiTestTests.swift */ = {isa = PBXFileReference; lastKnownFileType = sourcecode.swift; path = movieApiTestTests.swift; sourceTree = "<group>"; };
		2B51DCEF247C282B0010AC4B /* Info.plist */ = {isa = PBXFileReference; lastKnownFileType = text.plist.xml; path = Info.plist; sourceTree = "<group>"; };
		2B51DCF4247C282B0010AC4B /* movieApiTestUITests.xctest */ = {isa = PBXFileReference; explicitFileType = wrapper.cfbundle; includeInIndex = 0; path = movieApiTestUITests.xctest; sourceTree = BUILT_PRODUCTS_DIR; };
		2B51DCF8247C282B0010AC4B /* movieApiTestUITests.swift */ = {isa = PBXFileReference; lastKnownFileType = sourcecode.swift; path = movieApiTestUITests.swift; sourceTree = "<group>"; };
		2B51DCFA247C282B0010AC4B /* Info.plist */ = {isa = PBXFileReference; lastKnownFileType = text.plist.xml; path = Info.plist; sourceTree = "<group>"; };
		2E2CBE9C255748AEB1B30AF3 /* Pods-movieApiTest-movieApiTestUITests.release.xcconfig */ = {isa = PBXFileReference; includeInIndex = 1; lastKnownFileType = text.xcconfig; name = "Pods-movieApiTest-movieApiTestUITests.release.xcconfig"; path = "Target Support Files/Pods-movieApiTest-movieApiTestUITests/Pods-movieApiTest-movieApiTestUITests.release.xcconfig"; sourceTree = "<group>"; };
		4DD9D7E238B8A33744950F06 /* Pods-movieApiTest-movieApiTestUITests.debug.xcconfig */ = {isa = PBXFileReference; includeInIndex = 1; lastKnownFileType = text.xcconfig; name = "Pods-movieApiTest-movieApiTestUITests.debug.xcconfig"; path = "Target Support Files/Pods-movieApiTest-movieApiTestUITests/Pods-movieApiTest-movieApiTestUITests.debug.xcconfig"; sourceTree = "<group>"; };
		66F8510C068B5DE49B296157 /* Pods_movieApiTest.framework */ = {isa = PBXFileReference; explicitFileType = wrapper.framework; includeInIndex = 0; path = Pods_movieApiTest.framework; sourceTree = BUILT_PRODUCTS_DIR; };
		765D7CF3B68A4A4FFFF61529 /* Pods-movieApiTest.debug.xcconfig */ = {isa = PBXFileReference; includeInIndex = 1; lastKnownFileType = text.xcconfig; name = "Pods-movieApiTest.debug.xcconfig"; path = "Target Support Files/Pods-movieApiTest/Pods-movieApiTest.debug.xcconfig"; sourceTree = "<group>"; };
		B3FB6E508C37CDE47EA5DFEF /* Pods_movieApiTestTests.framework */ = {isa = PBXFileReference; explicitFileType = wrapper.framework; includeInIndex = 0; path = Pods_movieApiTestTests.framework; sourceTree = BUILT_PRODUCTS_DIR; };
		D91EB6870AB7D3A123DF5307 /* Pods_movieApiTest_movieApiTestUITests.framework */ = {isa = PBXFileReference; explicitFileType = wrapper.framework; includeInIndex = 0; path = Pods_movieApiTest_movieApiTestUITests.framework; sourceTree = BUILT_PRODUCTS_DIR; };
		DB20CDC43D116725891C229A /* Pods-movieApiTestTests.release.xcconfig */ = {isa = PBXFileReference; includeInIndex = 1; lastKnownFileType = text.xcconfig; name = "Pods-movieApiTestTests.release.xcconfig"; path = "Target Support Files/Pods-movieApiTestTests/Pods-movieApiTestTests.release.xcconfig"; sourceTree = "<group>"; };
/* End PBXFileReference section */

/* Begin PBXFrameworksBuildPhase section */
		2B51DCD0247C281F0010AC4B /* Frameworks */ = {
			isa = PBXFrameworksBuildPhase;
			buildActionMask = 2147483647;
			files = (
				1472F4896A87EECDDC22A424 /* Pods_movieApiTest.framework in Frameworks */,
			);
			runOnlyForDeploymentPostprocessing = 0;
		};
		2B51DCE6247C282B0010AC4B /* Frameworks */ = {
			isa = PBXFrameworksBuildPhase;
			buildActionMask = 2147483647;
			files = (
				6956CB81A1CEFCEEE7BAA36E /* Pods_movieApiTestTests.framework in Frameworks */,
			);
			runOnlyForDeploymentPostprocessing = 0;
		};
		2B51DCF1247C282B0010AC4B /* Frameworks */ = {
			isa = PBXFrameworksBuildPhase;
			buildActionMask = 2147483647;
			files = (
				612B852216776E1C9142DD88 /* Pods_movieApiTest_movieApiTestUITests.framework in Frameworks */,
			);
			runOnlyForDeploymentPostprocessing = 0;
		};
/* End PBXFrameworksBuildPhase section */

/* Begin PBXGroup section */
		28314BDD1549773B26D7581B /* Pods */ = {
			isa = PBXGroup;
			children = (
				765D7CF3B68A4A4FFFF61529 /* Pods-movieApiTest.debug.xcconfig */,
				114905708C926117B034756A /* Pods-movieApiTest.release.xcconfig */,
				4DD9D7E238B8A33744950F06 /* Pods-movieApiTest-movieApiTestUITests.debug.xcconfig */,
				2E2CBE9C255748AEB1B30AF3 /* Pods-movieApiTest-movieApiTestUITests.release.xcconfig */,
				0A8731FDA85FC0B5BE6D01B9 /* Pods-movieApiTestTests.debug.xcconfig */,
				DB20CDC43D116725891C229A /* Pods-movieApiTestTests.release.xcconfig */,
			);
			path = Pods;
			sourceTree = "<group>";
		};
		2B51DCCA247C281F0010AC4B = {
			isa = PBXGroup;
			children = (
				2B51DCD5247C281F0010AC4B /* movieApiTest */,
				2B51DCEC247C282B0010AC4B /* movieApiTestTests */,
				2B51DCF7247C282B0010AC4B /* movieApiTestUITests */,
				2B51DCD4247C281F0010AC4B /* Products */,
				28314BDD1549773B26D7581B /* Pods */,
				E3B753FFC245A4C26EA1CF5A /* Frameworks */,
			);
			sourceTree = "<group>";
		};
		2B51DCD4247C281F0010AC4B /* Products */ = {
			isa = PBXGroup;
			children = (
				2B51DCD3247C281F0010AC4B /* movieApiTest.app */,
				2B51DCE9247C282B0010AC4B /* movieApiTestTests.xctest */,
				2B51DCF4247C282B0010AC4B /* movieApiTestUITests.xctest */,
			);
			name = Products;
			sourceTree = "<group>";
		};
		2B51DCD5247C281F0010AC4B /* movieApiTest */ = {
			isa = PBXGroup;
			children = (
				2B51DCD6247C281F0010AC4B /* AppDelegate.swift */,
				2B51DCD8247C281F0010AC4B /* SceneDelegate.swift */,
				2B127C37247C28E900D9639E /* CollectionViewController.swift */,
				2B127C3A247C28EA00D9639E /* detailView.swift */,
				2B127C38247C28E900D9639E /* movieCell.swift */,
				2B127C3B247C28EA00D9639E /* movies.swift */,
				2B127C39247C28E900D9639E /* SelfConfiguringCell.swift */,
				2B127C36247C28E900D9639E /* View.xib */,
				2B51DCDF247C282B0010AC4B /* Assets.xcassets */,
				2B51DCE1247C282B0010AC4B /* LaunchScreen.storyboard */,
				2B51DCE4247C282B0010AC4B /* Info.plist */,
			);
			path = movieApiTest;
			sourceTree = "<group>";
		};
		2B51DCEC247C282B0010AC4B /* movieApiTestTests */ = {
			isa = PBXGroup;
			children = (
				2B51DCED247C282B0010AC4B /* movieApiTestTests.swift */,
				2B51DCEF247C282B0010AC4B /* Info.plist */,
			);
			path = movieApiTestTests;
			sourceTree = "<group>";
		};
		2B51DCF7247C282B0010AC4B /* movieApiTestUITests */ = {
			isa = PBXGroup;
			children = (
				2B51DCF8247C282B0010AC4B /* movieApiTestUITests.swift */,
				2B51DCFA247C282B0010AC4B /* Info.plist */,
			);
			path = movieApiTestUITests;
			sourceTree = "<group>";
		};
		E3B753FFC245A4C26EA1CF5A /* Frameworks */ = {
			isa = PBXGroup;
			children = (
				66F8510C068B5DE49B296157 /* Pods_movieApiTest.framework */,
				D91EB6870AB7D3A123DF5307 /* Pods_movieApiTest_movieApiTestUITests.framework */,
				B3FB6E508C37CDE47EA5DFEF /* Pods_movieApiTestTests.framework */,
			);
			name = Frameworks;
			sourceTree = "<group>";
		};
/* End PBXGroup section */

/* Begin PBXNativeTarget section */
		2B51DCD2247C281F0010AC4B /* movieApiTest */ = {
			isa = PBXNativeTarget;
			buildConfigurationList = 2B51DCFD247C282B0010AC4B /* Build configuration list for PBXNativeTarget "movieApiTest" */;
			buildPhases = (
				95C20EEF06FEF994C6D9F3E0 /* [CP] Check Pods Manifest.lock */,
				2B51DCCF247C281F0010AC4B /* Sources */,
				2B51DCD0247C281F0010AC4B /* Frameworks */,
				2B51DCD1247C281F0010AC4B /* Resources */,
				6A4911D1D770474DE119FB9F /* [CP] Embed Pods Frameworks */,
			);
			buildRules = (
			);
			dependencies = (
			);
			name = movieApiTest;
			productName = movieApiTest;
			productReference = 2B51DCD3247C281F0010AC4B /* movieApiTest.app */;
			productType = "com.apple.product-type.application";
		};
		2B51DCE8247C282B0010AC4B /* movieApiTestTests */ = {
			isa = PBXNativeTarget;
			buildConfigurationList = 2B51DD00247C282B0010AC4B /* Build configuration list for PBXNativeTarget "movieApiTestTests" */;
			buildPhases = (
				452E3E88B9B2C1EC8400706E /* [CP] Check Pods Manifest.lock */,
				2B51DCE5247C282B0010AC4B /* Sources */,
				2B51DCE6247C282B0010AC4B /* Frameworks */,
				2B51DCE7247C282B0010AC4B /* Resources */,
			);
			buildRules = (
			);
			dependencies = (
				2B51DCEB247C282B0010AC4B /* PBXTargetDependency */,
			);
			name = movieApiTestTests;
			productName = movieApiTestTests;
			productReference = 2B51DCE9247C282B0010AC4B /* movieApiTestTests.xctest */;
			productType = "com.apple.product-type.bundle.unit-test";
		};
		2B51DCF3247C282B0010AC4B /* movieApiTestUITests */ = {
			isa = PBXNativeTarget;
			buildConfigurationList = 2B51DD03247C282B0010AC4B /* Build configuration list for PBXNativeTarget "movieApiTestUITests" */;
			buildPhases = (
				284D75CDEE0FED6C08753840 /* [CP] Check Pods Manifest.lock */,
				2B51DCF0247C282B0010AC4B /* Sources */,
				2B51DCF1247C282B0010AC4B /* Frameworks */,
				2B51DCF2247C282B0010AC4B /* Resources */,
				DCDC8D356E36C2A96212C511 /* [CP] Embed Pods Frameworks */,
			);
			buildRules = (
			);
			dependencies = (
				2B51DCF6247C282B0010AC4B /* PBXTargetDependency */,
			);
			name = movieApiTestUITests;
			productName = movieApiTestUITests;
			productReference = 2B51DCF4247C282B0010AC4B /* movieApiTestUITests.xctest */;
			productType = "com.apple.product-type.bundle.ui-testing";
		};
/* End PBXNativeTarget section */

/* Begin PBXProject section */
		2B51DCCB247C281F0010AC4B /* Project object */ = {
			isa = PBXProject;
			attributes = {
				LastSwiftUpdateCheck = 1140;
				LastUpgradeCheck = 1140;
				ORGANIZATIONNAME = "Animesh Mohanty";
				TargetAttributes = {
					2B51DCD2247C281F0010AC4B = {
						CreatedOnToolsVersion = 11.4;
					};
					2B51DCE8247C282B0010AC4B = {
						CreatedOnToolsVersion = 11.4;
						TestTargetID = 2B51DCD2247C281F0010AC4B;
					};
					2B51DCF3247C282B0010AC4B = {
						CreatedOnToolsVersion = 11.4;
						TestTargetID = 2B51DCD2247C281F0010AC4B;
					};
				};
			};
			buildConfigurationList = 2B51DCCE247C281F0010AC4B /* Build configuration list for PBXProject "movieApiTest" */;
			compatibilityVersion = "Xcode 9.3";
			developmentRegion = en;
			hasScannedForEncodings = 0;
			knownRegions = (
				en,
				Base,
			);
			mainGroup = 2B51DCCA247C281F0010AC4B;
			productRefGroup = 2B51DCD4247C281F0010AC4B /* Products */;
			projectDirPath = "";
			projectRoot = "";
			targets = (
				2B51DCD2247C281F0010AC4B /* movieApiTest */,
				2B51DCE8247C282B0010AC4B /* movieApiTestTests */,
				2B51DCF3247C282B0010AC4B /* movieApiTestUITests */,
			);
		};
/* End PBXProject section */

/* Begin PBXResourcesBuildPhase section */
		2B51DCD1247C281F0010AC4B /* Resources */ = {
			isa = PBXResourcesBuildPhase;
			buildActionMask = 2147483647;
			files = (
				2B127C3C247C28EA00D9639E /* View.xib in Resources */,
				2B51DCE3247C282B0010AC4B /* LaunchScreen.storyboard in Resources */,
				2B51DCE0247C282B0010AC4B /* Assets.xcassets in Resources */,
			);
			runOnlyForDeploymentPostprocessing = 0;
		};
		2B51DCE7247C282B0010AC4B /* Resources */ = {
			isa = PBXResourcesBuildPhase;
			buildActionMask = 2147483647;
			files = (
			);
			runOnlyForDeploymentPostprocessing = 0;
		};
		2B51DCF2247C282B0010AC4B /* Resources */ = {
			isa = PBXResourcesBuildPhase;
			buildActionMask = 2147483647;
			files = (
			);
			runOnlyForDeploymentPostprocessing = 0;
		};
/* End PBXResourcesBuildPhase section */

/* Begin PBXShellScriptBuildPhase section */
		284D75CDEE0FED6C08753840 /* [CP] Check Pods Manifest.lock */ = {
			isa = PBXShellScriptBuildPhase;
			buildActionMask = 2147483647;
			files = (
			);
			inputFileListPaths = (
			);
			inputPaths = (
				"${PODS_PODFILE_DIR_PATH}/Podfile.lock",
				"${PODS_ROOT}/Manifest.lock",
			);
			name = "[CP] Check Pods Manifest.lock";
			outputFileListPaths = (
			);
			outputPaths = (
				"$(DERIVED_FILE_DIR)/Pods-movieApiTest-movieApiTestUITests-checkManifestLockResult.txt",
			);
			runOnlyForDeploymentPostprocessing = 0;
			shellPath = /bin/sh;
			shellScript = "diff \"${PODS_PODFILE_DIR_PATH}/Podfile.lock\" \"${PODS_ROOT}/Manifest.lock\" > /dev/null\nif [ $? != 0 ] ; then\n    # print error to STDERR\n    echo \"error: The sandbox is not in sync with the Podfile.lock. Run 'pod install' or update your CocoaPods installation.\" >&2\n    exit 1\nfi\n# This output is used by Xcode 'outputs' to avoid re-running this script phase.\necho \"SUCCESS\" > \"${SCRIPT_OUTPUT_FILE_0}\"\n";
			showEnvVarsInLog = 0;
		};
		452E3E88B9B2C1EC8400706E /* [CP] Check Pods Manifest.lock */ = {
			isa = PBXShellScriptBuildPhase;
			buildActionMask = 2147483647;
			files = (
			);
			inputFileListPaths = (
			);
			inputPaths = (
				"${PODS_PODFILE_DIR_PATH}/Podfile.lock",
				"${PODS_ROOT}/Manifest.lock",
			);
			name = "[CP] Check Pods Manifest.lock";
			outputFileListPaths = (
			);
			outputPaths = (
				"$(DERIVED_FILE_DIR)/Pods-movieApiTestTests-checkManifestLockResult.txt",
			);
			runOnlyForDeploymentPostprocessing = 0;
			shellPath = /bin/sh;
			shellScript = "diff \"${PODS_PODFILE_DIR_PATH}/Podfile.lock\" \"${PODS_ROOT}/Manifest.lock\" > /dev/null\nif [ $? != 0 ] ; then\n    # print error to STDERR\n    echo \"error: The sandbox is not in sync with the Podfile.lock. Run 'pod install' or update your CocoaPods installation.\" >&2\n    exit 1\nfi\n# This output is used by Xcode 'outputs' to avoid re-running this script phase.\necho \"SUCCESS\" > \"${SCRIPT_OUTPUT_FILE_0}\"\n";
			showEnvVarsInLog = 0;
		};
		6A4911D1D770474DE119FB9F /* [CP] Embed Pods Frameworks */ = {
			isa = PBXShellScriptBuildPhase;
			buildActionMask = 2147483647;
			files = (
			);
			inputFileListPaths = (
				"${PODS_ROOT}/Target Support Files/Pods-movieApiTest/Pods-movieApiTest-frameworks-${CONFIGURATION}-input-files.xcfilelist",
			);
			name = "[CP] Embed Pods Frameworks";
			outputFileListPaths = (
				"${PODS_ROOT}/Target Support Files/Pods-movieApiTest/Pods-movieApiTest-frameworks-${CONFIGURATION}-output-files.xcfilelist",
			);
			runOnlyForDeploymentPostprocessing = 0;
			shellPath = /bin/sh;
			shellScript = "\"${PODS_ROOT}/Target Support Files/Pods-movieApiTest/Pods-movieApiTest-frameworks.sh\"\n";
			showEnvVarsInLog = 0;
		};
		95C20EEF06FEF994C6D9F3E0 /* [CP] Check Pods Manifest.lock */ = {
			isa = PBXShellScriptBuildPhase;
			buildActionMask = 2147483647;
			files = (
			);
			inputFileListPaths = (
			);
			inputPaths = (
				"${PODS_PODFILE_DIR_PATH}/Podfile.lock",
				"${PODS_ROOT}/Manifest.lock",
			);
			name = "[CP] Check Pods Manifest.lock";
			outputFileListPaths = (
			);
			outputPaths = (
				"$(DERIVED_FILE_DIR)/Pods-movieApiTest-checkManifestLockResult.txt",
			);
			runOnlyForDeploymentPostprocessing = 0;
			shellPath = /bin/sh;
			shellScript = "diff \"${PODS_PODFILE_DIR_PATH}/Podfile.lock\" \"${PODS_ROOT}/Manifest.lock\" > /dev/null\nif [ $? != 0 ] ; then\n    # print error to STDERR\n    echo \"error: The sandbox is not in sync with the Podfile.lock. Run 'pod install' or update your CocoaPods installation.\" >&2\n    exit 1\nfi\n# This output is used by Xcode 'outputs' to avoid re-running this script phase.\necho \"SUCCESS\" > \"${SCRIPT_OUTPUT_FILE_0}\"\n";
			showEnvVarsInLog = 0;
		};
		DCDC8D356E36C2A96212C511 /* [CP] Embed Pods Frameworks */ = {
			isa = PBXShellScriptBuildPhase;
			buildActionMask = 2147483647;
			files = (
			);
			inputFileListPaths = (
				"${PODS_ROOT}/Target Support Files/Pods-movieApiTest-movieApiTestUITests/Pods-movieApiTest-movieApiTestUITests-frameworks-${CONFIGURATION}-input-files.xcfilelist",
			);
			name = "[CP] Embed Pods Frameworks";
			outputFileListPaths = (
				"${PODS_ROOT}/Target Support Files/Pods-movieApiTest-movieApiTestUITests/Pods-movieApiTest-movieApiTestUITests-frameworks-${CONFIGURATION}-output-files.xcfilelist",
			);
			runOnlyForDeploymentPostprocessing = 0;
			shellPath = /bin/sh;
			shellScript = "\"${PODS_ROOT}/Target Support Files/Pods-movieApiTest-movieApiTestUITests/Pods-movieApiTest-movieApiTestUITests-frameworks.sh\"\n";
			showEnvVarsInLog = 0;
		};
/* End PBXShellScriptBuildPhase section */

/* Begin PBXSourcesBuildPhase section */
		2B51DCCF247C281F0010AC4B /* Sources */ = {
			isa = PBXSourcesBuildPhase;
			buildActionMask = 2147483647;
			files = (
				2B127C3D247C28EA00D9639E /* CollectionViewController.swift in Sources */,
				2B127C41247C28EA00D9639E /* movies.swift in Sources */,
				2B127C40247C28EA00D9639E /* detailView.swift in Sources */,
				2B127C3E247C28EA00D9639E /* movieCell.swift in Sources */,
				2B51DCD7247C281F0010AC4B /* AppDelegate.swift in Sources */,
				2B51DCD9247C281F0010AC4B /* SceneDelegate.swift in Sources */,
				2B127C3F247C28EA00D9639E /* SelfConfiguringCell.swift in Sources */,
			);
			runOnlyForDeploymentPostprocessing = 0;
		};
		2B51DCE5247C282B0010AC4B /* Sources */ = {
			isa = PBXSourcesBuildPhase;
			buildActionMask = 2147483647;
			files = (
				2B51DCEE247C282B0010AC4B /* movieApiTestTests.swift in Sources */,
			);
			runOnlyForDeploymentPostprocessing = 0;
		};
		2B51DCF0247C282B0010AC4B /* Sources */ = {
			isa = PBXSourcesBuildPhase;
			buildActionMask = 2147483647;
			files = (
				2B51DCF9247C282B0010AC4B /* movieApiTestUITests.swift in Sources */,
			);
			runOnlyForDeploymentPostprocessing = 0;
		};
/* End PBXSourcesBuildPhase section */

/* Begin PBXTargetDependency section */
		2B51DCEB247C282B0010AC4B /* PBXTargetDependency */ = {
			isa = PBXTargetDependency;
			target = 2B51DCD2247C281F0010AC4B /* movieApiTest */;
			targetProxy = 2B51DCEA247C282B0010AC4B /* PBXContainerItemProxy */;
		};
		2B51DCF6247C282B0010AC4B /* PBXTargetDependency */ = {
			isa = PBXTargetDependency;
			target = 2B51DCD2247C281F0010AC4B /* movieApiTest */;
			targetProxy = 2B51DCF5247C282B0010AC4B /* PBXContainerItemProxy */;
		};
/* End PBXTargetDependency section */

/* Begin PBXVariantGroup section */
		2B51DCE1247C282B0010AC4B /* LaunchScreen.storyboard */ = {
			isa = PBXVariantGroup;
			children = (
				2B51DCE2247C282B0010AC4B /* Base */,
			);
			name = LaunchScreen.storyboard;
			sourceTree = "<group>";
		};
/* End PBXVariantGroup section */

/* Begin XCBuildConfiguration section */
		2B51DCFB247C282B0010AC4B /* Debug */ = {
			isa = XCBuildConfiguration;
			buildSettings = {
				ALWAYS_SEARCH_USER_PATHS = NO;
				CLANG_ANALYZER_NONNULL = YES;
				CLANG_ANALYZER_NUMBER_OBJECT_CONVERSION = YES_AGGRESSIVE;
				CLANG_CXX_LANGUAGE_STANDARD = "gnu++14";
				CLANG_CXX_LIBRARY = "libc++";
				CLANG_ENABLE_MODULES = YES;
				CLANG_ENABLE_OBJC_ARC = YES;
				CLANG_ENABLE_OBJC_WEAK = YES;
				CLANG_WARN_BLOCK_CAPTURE_AUTORELEASING = YES;
				CLANG_WARN_BOOL_CONVERSION = YES;
				CLANG_WARN_COMMA = YES;
				CLANG_WARN_CONSTANT_CONVERSION = YES;
				CLANG_WARN_DEPRECATED_OBJC_IMPLEMENTATIONS = YES;
				CLANG_WARN_DIRECT_OBJC_ISA_USAGE = YES_ERROR;
				CLANG_WARN_DOCUMENTATION_COMMENTS = YES;
				CLANG_WARN_EMPTY_BODY = YES;
				CLANG_WARN_ENUM_CONVERSION = YES;
				CLANG_WARN_INFINITE_RECURSION = YES;
				CLANG_WARN_INT_CONVERSION = YES;
				CLANG_WARN_NON_LITERAL_NULL_CONVERSION = YES;
				CLANG_WARN_OBJC_IMPLICIT_RETAIN_SELF = YES;
				CLANG_WARN_OBJC_LITERAL_CONVERSION = YES;
				CLANG_WARN_OBJC_ROOT_CLASS = YES_ERROR;
				CLANG_WARN_RANGE_LOOP_ANALYSIS = YES;
				CLANG_WARN_STRICT_PROTOTYPES = YES;
				CLANG_WARN_SUSPICIOUS_MOVE = YES;
				CLANG_WARN_UNGUARDED_AVAILABILITY = YES_AGGRESSIVE;
				CLANG_WARN_UNREACHABLE_CODE = YES;
				CLANG_WARN__DUPLICATE_METHOD_MATCH = YES;
				COPY_PHASE_STRIP = NO;
				DEBUG_INFORMATION_FORMAT = dwarf;
				ENABLE_STRICT_OBJC_MSGSEND = YES;
				ENABLE_TESTABILITY = YES;
				GCC_C_LANGUAGE_STANDARD = gnu11;
				GCC_DYNAMIC_NO_PIC = NO;
				GCC_NO_COMMON_BLOCKS = YES;
				GCC_OPTIMIZATION_LEVEL = 0;
				GCC_PREPROCESSOR_DEFINITIONS = (
					"DEBUG=1",
					"$(inherited)",
				);
				GCC_WARN_64_TO_32_BIT_CONVERSION = YES;
				GCC_WARN_ABOUT_RETURN_TYPE = YES_ERROR;
				GCC_WARN_UNDECLARED_SELECTOR = YES;
				GCC_WARN_UNINITIALIZED_AUTOS = YES_AGGRESSIVE;
				GCC_WARN_UNUSED_FUNCTION = YES;
				GCC_WARN_UNUSED_VARIABLE = YES;
				IPHONEOS_DEPLOYMENT_TARGET = 13.4;
				MTL_ENABLE_DEBUG_INFO = INCLUDE_SOURCE;
				MTL_FAST_MATH = YES;
				ONLY_ACTIVE_ARCH = YES;
				SDKROOT = iphoneos;
				SWIFT_ACTIVE_COMPILATION_CONDITIONS = DEBUG;
				SWIFT_OPTIMIZATION_LEVEL = "-Onone";
			};
			name = Debug;
		};
		2B51DCFC247C282B0010AC4B /* Release */ = {
			isa = XCBuildConfiguration;
			buildSettings = {
				ALWAYS_SEARCH_USER_PATHS = NO;
				CLANG_ANALYZER_NONNULL = YES;
				CLANG_ANALYZER_NUMBER_OBJECT_CONVERSION = YES_AGGRESSIVE;
				CLANG_CXX_LANGUAGE_STANDARD = "gnu++14";
				CLANG_CXX_LIBRARY = "libc++";
				CLANG_ENABLE_MODULES = YES;
				CLANG_ENABLE_OBJC_ARC = YES;
				CLANG_ENABLE_OBJC_WEAK = YES;
				CLANG_WARN_BLOCK_CAPTURE_AUTORELEASING = YES;
				CLANG_WARN_BOOL_CONVERSION = YES;
				CLANG_WARN_COMMA = YES;
				CLANG_WARN_CONSTANT_CONVERSION = YES;
				CLANG_WARN_DEPRECATED_OBJC_IMPLEMENTATIONS = YES;
				CLANG_WARN_DIRECT_OBJC_ISA_USAGE = YES_ERROR;
				CLANG_WARN_DOCUMENTATION_COMMENTS = YES;
				CLANG_WARN_EMPTY_BODY = YES;
				CLANG_WARN_ENUM_CONVERSION = YES;
				CLANG_WARN_INFINITE_RECURSION = YES;
				CLANG_WARN_INT_CONVERSION = YES;
				CLANG_WARN_NON_LITERAL_NULL_CONVERSION = YES;
				CLANG_WARN_OBJC_IMPLICIT_RETAIN_SELF = YES;
				CLANG_WARN_OBJC_LITERAL_CONVERSION = YES;
				CLANG_WARN_OBJC_ROOT_CLASS = YES_ERROR;
				CLANG_WARN_RANGE_LOOP_ANALYSIS = YES;
				CLANG_WARN_STRICT_PROTOTYPES = YES;
				CLANG_WARN_SUSPICIOUS_MOVE = YES;
				CLANG_WARN_UNGUARDED_AVAILABILITY = YES_AGGRESSIVE;
				CLANG_WARN_UNREACHABLE_CODE = YES;
				CLANG_WARN__DUPLICATE_METHOD_MATCH = YES;
				COPY_PHASE_STRIP = NO;
				DEBUG_INFORMATION_FORMAT = "dwarf-with-dsym";
				ENABLE_NS_ASSERTIONS = NO;
				ENABLE_STRICT_OBJC_MSGSEND = YES;
				GCC_C_LANGUAGE_STANDARD = gnu11;
				GCC_NO_COMMON_BLOCKS = YES;
				GCC_WARN_64_TO_32_BIT_CONVERSION = YES;
				GCC_WARN_ABOUT_RETURN_TYPE = YES_ERROR;
				GCC_WARN_UNDECLARED_SELECTOR = YES;
				GCC_WARN_UNINITIALIZED_AUTOS = YES_AGGRESSIVE;
				GCC_WARN_UNUSED_FUNCTION = YES;
				GCC_WARN_UNUSED_VARIABLE = YES;
				IPHONEOS_DEPLOYMENT_TARGET = 13.4;
				MTL_ENABLE_DEBUG_INFO = NO;
				MTL_FAST_MATH = YES;
				SDKROOT = iphoneos;
				SWIFT_COMPILATION_MODE = wholemodule;
				SWIFT_OPTIMIZATION_LEVEL = "-O";
				VALIDATE_PRODUCT = YES;
			};
			name = Release;
		};
		2B51DCFE247C282B0010AC4B /* Debug */ = {
			isa = XCBuildConfiguration;
			baseConfigurationReference = 765D7CF3B68A4A4FFFF61529 /* Pods-movieApiTest.debug.xcconfig */;
			buildSettings = {
				ASSETCATALOG_COMPILER_APPICON_NAME = AppIcon;
				CODE_SIGN_STYLE = Automatic;
				INFOPLIST_FILE = movieApiTest/Info.plist;
				LD_RUNPATH_SEARCH_PATHS = (
					"$(inherited)",
					"@executable_path/Frameworks",
				);
				PRODUCT_BUNDLE_IDENTIFIER = kakarot.movieApiTest;
				PRODUCT_NAME = "$(TARGET_NAME)";
				SWIFT_VERSION = 5.0;
				TARGETED_DEVICE_FAMILY = "1,2";
			};
			name = Debug;
		};
		2B51DCFF247C282B0010AC4B /* Release */ = {
			isa = XCBuildConfiguration;
			baseConfigurationReference = 114905708C926117B034756A /* Pods-movieApiTest.release.xcconfig */;
			buildSettings = {
				ASSETCATALOG_COMPILER_APPICON_NAME = AppIcon;
				CODE_SIGN_STYLE = Automatic;
				INFOPLIST_FILE = movieApiTest/Info.plist;
				LD_RUNPATH_SEARCH_PATHS = (
					"$(inherited)",
					"@executable_path/Frameworks",
				);
				PRODUCT_BUNDLE_IDENTIFIER = kakarot.movieApiTest;
				PRODUCT_NAME = "$(TARGET_NAME)";
				SWIFT_VERSION = 5.0;
				TARGETED_DEVICE_FAMILY = "1,2";
			};
			name = Release;
		};
		2B51DD01247C282B0010AC4B /* Debug */ = {
			isa = XCBuildConfiguration;
			baseConfigurationReference = 0A8731FDA85FC0B5BE6D01B9 /* Pods-movieApiTestTests.debug.xcconfig */;
			buildSettings = {
				ALWAYS_EMBED_SWIFT_STANDARD_LIBRARIES = YES;
				BUNDLE_LOADER = "$(TEST_HOST)";
				CODE_SIGN_STYLE = Automatic;
				INFOPLIST_FILE = movieApiTestTests/Info.plist;
				IPHONEOS_DEPLOYMENT_TARGET = 13.4;
				LD_RUNPATH_SEARCH_PATHS = (
					"$(inherited)",
					"@executable_path/Frameworks",
					"@loader_path/Frameworks",
				);
				PRODUCT_BUNDLE_IDENTIFIER = kakarot.movieApiTestTests;
				PRODUCT_NAME = "$(TARGET_NAME)";
				SWIFT_VERSION = 5.0;
				TARGETED_DEVICE_FAMILY = "1,2";
				TEST_HOST = "$(BUILT_PRODUCTS_DIR)/movieApiTest.app/movieApiTest";
			};
			name = Debug;
		};
		2B51DD02247C282B0010AC4B /* Release */ = {
			isa = XCBuildConfiguration;
			baseConfigurationReference = DB20CDC43D116725891C229A /* Pods-movieApiTestTests.release.xcconfig */;
			buildSettings = {
				ALWAYS_EMBED_SWIFT_STANDARD_LIBRARIES = YES;
				BUNDLE_LOADER = "$(TEST_HOST)";
				CODE_SIGN_STYLE = Automatic;
				INFOPLIST_FILE = movieApiTestTests/Info.plist;
				IPHONEOS_DEPLOYMENT_TARGET = 13.4;
				LD_RUNPATH_SEARCH_PATHS = (
					"$(inherited)",
					"@executable_path/Frameworks",
					"@loader_path/Frameworks",
				);
				PRODUCT_BUNDLE_IDENTIFIER = kakarot.movieApiTestTests;
				PRODUCT_NAME = "$(TARGET_NAME)";
				SWIFT_VERSION = 5.0;
				TARGETED_DEVICE_FAMILY = "1,2";
				TEST_HOST = "$(BUILT_PRODUCTS_DIR)/movieApiTest.app/movieApiTest";
			};
			name = Release;
		};
		2B51DD04247C282B0010AC4B /* Debug */ = {
			isa = XCBuildConfiguration;
			baseConfigurationReference = 4DD9D7E238B8A33744950F06 /* Pods-movieApiTest-movieApiTestUITests.debug.xcconfig */;
			buildSettings = {
				ALWAYS_EMBED_SWIFT_STANDARD_LIBRARIES = YES;
				CODE_SIGN_STYLE = Automatic;
				INFOPLIST_FILE = movieApiTestUITests/Info.plist;
				LD_RUNPATH_SEARCH_PATHS = (
					"$(inherited)",
					"@executable_path/Frameworks",
					"@loader_path/Frameworks",
				);
				PRODUCT_BUNDLE_IDENTIFIER = kakarot.movieApiTestUITests;
				PRODUCT_NAME = "$(TARGET_NAME)";
				SWIFT_VERSION = 5.0;
				TARGETED_DEVICE_FAMILY = "1,2";
				TEST_TARGET_NAME = movieApiTest;
			};
			name = Debug;
		};
		2B51DD05247C282B0010AC4B /* Release */ = {
			isa = XCBuildConfiguration;
			baseConfigurationReference = 2E2CBE9C255748AEB1B30AF3 /* Pods-movieApiTest-movieApiTestUITests.release.xcconfig */;
			buildSettings = {
				ALWAYS_EMBED_SWIFT_STANDARD_LIBRARIES = YES;
				CODE_SIGN_STYLE = Automatic;
				INFOPLIST_FILE = movieApiTestUITests/Info.plist;
				LD_RUNPATH_SEARCH_PATHS = (
					"$(inherited)",
					"@executable_path/Frameworks",
					"@loader_path/Frameworks",
				);
				PRODUCT_BUNDLE_IDENTIFIER = kakarot.movieApiTestUITests;
				PRODUCT_NAME = "$(TARGET_NAME)";
				SWIFT_VERSION = 5.0;
				TARGETED_DEVICE_FAMILY = "1,2";
				TEST_TARGET_NAME = movieApiTest;
			};
			name = Release;
		};
/* End XCBuildConfiguration section */

/* Begin XCConfigurationList section */
		2B51DCCE247C281F0010AC4B /* Build configuration list for PBXProject "movieApiTest" */ = {
			isa = XCConfigurationList;
			buildConfigurations = (
				2B51DCFB247C282B0010AC4B /* Debug */,
				2B51DCFC247C282B0010AC4B /* Release */,
			);
			defaultConfigurationIsVisible = 0;
			defaultConfigurationName = Release;
		};
		2B51DCFD247C282B0010AC4B /* Build configuration list for PBXNativeTarget "movieApiTest" */ = {
			isa = XCConfigurationList;
			buildConfigurations = (
				2B51DCFE247C282B0010AC4B /* Debug */,
				2B51DCFF247C282B0010AC4B /* Release */,
			);
			defaultConfigurationIsVisible = 0;
			defaultConfigurationName = Release;
		};
		2B51DD00247C282B0010AC4B /* Build configuration list for PBXNativeTarget "movieApiTestTests" */ = {
			isa = XCConfigurationList;
			buildConfigurations = (
				2B51DD01247C282B0010AC4B /* Debug */,
				2B51DD02247C282B0010AC4B /* Release */,
			);
			defaultConfigurationIsVisible = 0;
			defaultConfigurationName = Release;
		};
		2B51DD03247C282B0010AC4B /* Build configuration list for PBXNativeTarget "movieApiTestUITests" */ = {
			isa = XCConfigurationList;
			buildConfigurations = (
				2B51DD04247C282B0010AC4B /* Debug */,
				2B51DD05247C282B0010AC4B /* Release */,
			);
			defaultConfigurationIsVisible = 0;
			defaultConfigurationName = Release;
		};
/* End XCConfigurationList section */
	};
	rootObject = 2B51DCCB247C281F0010AC4B /* Project object */;
}
